// !$*UTF8*$!
{
	archiveVersion = 1;
	classes = {
	};
	objectVersion = 77;
	objects = {

/* Begin PBXBuildFile section */
		A1B2C3D4E5F60718293A0001 /* Sentry in Frameworks */ = {isa = PBXBuildFile; productRef = A1B2C3D4E5F60718293A0003 /* Sentry */; };
		A1B2C3D4E5F60718293A0002 /* Sparkle in Frameworks */ = {isa = PBXBuildFile; productRef = A1B2C3D4E5F60718293A0004 /* Sparkle */; };
/* End PBXBuildFile section */

/* Begin PBXContainerItemProxy section */
		F0A1B2C3D4E5F6071829000A /* PBXContainerItemProxy */ = {
			isa = PBXContainerItemProxy;
			containerPortal = E50C872B2F6F317400EEF1FD /* Project object */;
			proxyType = 1;
			remoteGlobalIDString = E50C87322F6F317400EEF1FD;
			remoteInfo = jott;
		};
/* End PBXContainerItemProxy section */

/* Begin PBXFileReference section */
		E50C87332F6F317400EEF1FD /* jott.app */ = {isa = PBXFileReference; explicitFileType = wrapper.application; includeInIndex = 0; path = jott.app; sourceTree = BUILT_PRODUCTS_DIR; };
		F0A1B2C3D4E5F60718290001 /* jottTests.xctest */ = {isa = PBXFileReference; explicitFileType = wrapper.cfbundle; includeInIndex = 0; path = jottTests.xctest; sourceTree = BUILT_PRODUCTS_DIR; };
/* End PBXFileReference section */

/* Begin PBXFileSystemSynchronizedRootGroup section */
		E50C87352F6F317400EEF1FD /* jott */ = {
			isa = PBXFileSystemSynchronizedRootGroup;
			path = jott;
			sourceTree = "<group>";
		};
		F0A1B2C3D4E5F60718290002 /* jottTests */ = {
			isa = PBXFileSystemSynchronizedRootGroup;
			path = jottTests;
			sourceTree = "<group>";
		};
/* End PBXFileSystemSynchronizedRootGroup section */

/* Begin PBXFrameworksBuildPhase section */
		E50C87302F6F317400EEF1FD /* Frameworks */ = {
			isa = PBXFrameworksBuildPhase;
			buildActionMask = 2147483647;
			files = (
				A1B2C3D4E5F60718293A0001 /* Sentry in Frameworks */,
				A1B2C3D4E5F60718293A0002 /* Sparkle in Frameworks */,
			);
			runOnlyForDeploymentPostprocessing = 0;
		};
		F0A1B2C3D4E5F60718290005 /* Frameworks */ = {
			isa = PBXFrameworksBuildPhase;
			buildActionMask = 2147483647;
			files = (
			);
			runOnlyForDeploymentPostprocessing = 0;
		};
/* End PBXFrameworksBuildPhase section */

/* Begin PBXGroup section */
		E50C872A2F6F317400EEF1FD = {
			isa = PBXGroup;
			children = (
				E50C87352F6F317400EEF1FD /* jott */,
				F0A1B2C3D4E5F60718290002 /* jottTests */,
				E50C87342F6F317400EEF1FD /* Products */,
			);
			sourceTree = "<group>";
		};
		E50C87342F6F317400EEF1FD /* Products */ = {
			isa = PBXGroup;
			children = (
				E50C87332F6F317400EEF1FD /* jott.app */,
				F0A1B2C3D4E5F60718290001 /* jottTests.xctest */,
			);
			name = Products;
			sourceTree = "<group>";
		};
/* End PBXGroup section */

/* Begin PBXNativeTarget section */
		E50C87322F6F317400EEF1FD /* jott */ = {
			isa = PBXNativeTarget;
			buildConfigurationList = E50C873E2F6F317500EEF1FD /* Build configuration list for PBXNativeTarget "jott" */;
			buildPhases = (
				E50C872F2F6F317400EEF1FD /* Sources */,
				E50C87302F6F317400EEF1FD /* Frameworks */,
				E50C87312F6F317400EEF1FD /* Resources */,
			);
			buildRules = (
			);
			dependencies = (
			);
			fileSystemSynchronizedGroups = (
				E50C87352F6F317400EEF1FD /* jott */,
			);
			name = jott;
			packageProductDependencies = (
				A1B2C3D4E5F60718293A0003 /* Sentry */,
				A1B2C3D4E5F60718293A0004 /* Sparkle */,
			);
			productName = jott;
			productReference = E50C87332F6F317400EEF1FD /* jott.app */;
			productType = "com.apple.product-type.application";
		};
		F0A1B2C3D4E5F60718290003 /* jottTests */ = {
			isa = PBXNativeTarget;
			buildConfigurationList = F0A1B2C3D4E5F60718290007 /* Build configuration list for PBXNativeTarget "jottTests" */;
			buildPhases = (
				F0A1B2C3D4E5F60718290004 /* Sources */,
				F0A1B2C3D4E5F60718290005 /* Frameworks */,
				F0A1B2C3D4E5F60718290006 /* Resources */,
			);
			buildRules = (
			);
			dependencies = (
				F0A1B2C3D4E5F6071829000B /* PBXTargetDependency */,
			);
			fileSystemSynchronizedGroups = (
				F0A1B2C3D4E5F60718290002 /* jottTests */,
			);
			name = jottTests;
			packageProductDependencies = (
			);
			productName = jottTests;
			productReference = F0A1B2C3D4E5F60718290001 /* jottTests.xctest */;
			productType = "com.apple.product-type.bundle.unit-test";
		};
/* End PBXNativeTarget section */

/* Begin PBXProject section */
		E50C872B2F6F317400EEF1FD /* Project object */ = {
			isa = PBXProject;
			attributes = {
				BuildIndependentTargetsInParallel = 1;
				LastSwiftUpdateCheck = 2620;
				LastUpgradeCheck = 2620;
				TargetAttributes = {
					E50C87322F6F317400EEF1FD = {
						CreatedOnToolsVersion = 26.2;
					};
					F0A1B2C3D4E5F60718290003 = {
						CreatedOnToolsVersion = 26.2;
						TestTargetID = E50C87322F6F317400EEF1FD;
					};
				};
			};
			buildConfigurationList = E50C872E2F6F317400EEF1FD /* Build configuration list for PBXProject "jott" */;
			developmentRegion = en;
			hasScannedForEncodings = 0;
			knownRegions = (
				en,
				Base,
			);
			mainGroup = E50C872A2F6F317400EEF1FD;
			minimizedProjectReferenceProxies = 1;
			packageReferences = (
				A1B2C3D4E5F60718293A0005 /* XCRemoteSwiftPackageReference "sentry-cocoa" */,
				A1B2C3D4E5F60718293A0006 /* XCRemoteSwiftPackageReference "Sparkle" */,
			);
			preferredProjectObjectVersion = 77;
			productRefGroup = E50C87342F6F317400EEF1FD /* Products */;
			projectDirPath = "";
			projectRoot = "";
			targets = (
				E50C87322F6F317400EEF1FD /* jott */,
				F0A1B2C3D4E5F60718290003 /* jottTests */,
			);
		};
/* End PBXProject section */

/* Begin PBXResourcesBuildPhase section */
		E50C87312F6F317400EEF1FD /* Resources */ = {
			isa = PBXResourcesBuildPhase;
			buildActionMask = 2147483647;
			files = (
			);
			runOnlyForDeploymentPostprocessing = 0;
		};
		F0A1B2C3D4E5F60718290006 /* Resources */ = {
			isa = PBXResourcesBuildPhase;
			buildActionMask = 2147483647;
			files = (
			);
			runOnlyForDeploymentPostprocessing = 0;
		};
/* End PBXResourcesBuildPhase section */

/* Begin PBXSourcesBuildPhase section */
		E50C872F2F6F317400EEF1FD /* Sources */ = {
			isa = PBXSourcesBuildPhase;
			buildActionMask = 2147483647;
			files = (
			);
			runOnlyForDeploymentPostprocessing = 0;
		};
		F0A1B2C3D4E5F60718290004 /* Sources */ = {
			isa = PBXSourcesBuildPhase;
			buildActionMask = 2147483647;
			files = (
			);
			runOnlyForDeploymentPostprocessing = 0;
		};
/* End PBXSourcesBuildPhase section */

/* Begin PBXTargetDependency section */
		F0A1B2C3D4E5F6071829000B /* PBXTargetDependency */ = {
			isa = PBXTargetDependency;
			target = E50C87322F6F317400EEF1FD /* jott */;
			targetProxy = F0A1B2C3D4E5F6071829000A /* PBXContainerItemProxy */;
		};
/* End PBXTargetDependency section */

/* Begin XCBuildConfiguration section */
		E50C873C2F6F317500EEF1FD /* Debug */ = {
			isa = XCBuildConfiguration;
			buildSettings = {
				ALWAYS_SEARCH_USER_PATHS = NO;
				ASSETCATALOG_COMPILER_GENERATE_SWIFT_ASSET_SYMBOL_EXTENSIONS = YES;
				CLANG_ANALYZER_NONNULL = YES;
				CLANG_ANALYZER_NUMBER_OBJECT_CONVERSION = YES_AGGRESSIVE;
				CLANG_CXX_LANGUAGE_STANDARD = "gnu++20";
				CLANG_ENABLE_MODULES = YES;
				CLANG_ENABLE_OBJC_ARC = YES;
				CLANG_ENABLE_OBJC_WEAK = YES;
				CLANG_WARN_BLOCK_CAPTURE_AUTORELEASING = YES;
				CLANG_WARN_BOOL_CONVERSION = YES;
				CLANG_WARN_COMMA = YES;
				CLANG_WARN_CONSTANT_CONVERSION = YES;
				CLANG_WARN_DEPRECATED_OBJC_IMPLEMENTATIONS = YES;
				CLANG_WARN_DIRECT_OBJC_ISA_USAGE = YES_ERROR;
				CLANG_WARN_DOCUMENTATION_COMMENTS = YES;
				CLANG_WARN_EMPTY_BODY = YES;
				CLANG_WARN_ENUM_CONVERSION = YES;
				CLANG_WARN_INFINITE_RECURSION = YES;
				CLANG_WARN_INT_CONVERSION = YES;
				CLANG_WARN_NON_LITERAL_NULL_CONVERSION = YES;
				CLANG_WARN_OBJC_IMPLICIT_RETAIN_SELF = YES;
				CLANG_WARN_OBJC_LITERAL_CONVERSION = YES;
				CLANG_WARN_OBJC_ROOT_CLASS = YES_ERROR;
				CLANG_WARN_QUOTED_INCLUDE_IN_FRAMEWORK_HEADER = YES;
				CLANG_WARN_RANGE_LOOP_ANALYSIS = YES;
				CLANG_WARN_STRICT_PROTOTYPES = YES;
				CLANG_WARN_SUSPICIOUS_MOVE = YES;
				CLANG_WARN_UNGUARDED_AVAILABILITY = YES_AGGRESSIVE;
				CLANG_WARN_UNREACHABLE_CODE = YES;
				CLANG_WARN__DUPLICATE_METHOD_MATCH = YES;
				COPY_PHASE_STRIP = NO;
				DEBUG_INFORMATION_FORMAT = dwarf;
				DEVELOPMENT_TEAM = 847R6X96S2;
				ENABLE_STRICT_OBJC_MSGSEND = YES;
				ENABLE_TESTABILITY = YES;
				ENABLE_USER_SCRIPT_SANDBOXING = YES;
				GCC_C_LANGUAGE_STANDARD = gnu17;
				GCC_DYNAMIC_NO_PIC = NO;
				GCC_NO_COMMON_BLOCKS = YES;
				GCC_OPTIMIZATION_LEVEL = 0;
				GCC_PREPROCESSOR_DEFINITIONS = (
					"DEBUG=1",
					"$(inherited)",
				);
				GCC_WARN_64_TO_32_BIT_CONVERSION = YES;
				GCC_WARN_ABOUT_RETURN_TYPE = YES_ERROR;
				GCC_WARN_UNDECLARED_SELECTOR = YES;
				GCC_WARN_UNINITIALIZED_AUTOS = YES_AGGRESSIVE;
				GCC_WARN_UNUSED_FUNCTION = YES;
				GCC_WARN_UNUSED_VARIABLE = YES;
				LOCALIZATION_PREFERS_STRING_CATALOGS = YES;
				MACOSX_DEPLOYMENT_TARGET = 26.2;
				MTL_ENABLE_DEBUG_INFO = INCLUDE_SOURCE;
				MTL_FAST_MATH = YES;
				ONLY_ACTIVE_ARCH = YES;
				SDKROOT = macosx;
				SWIFT_ACTIVE_COMPILATION_CONDITIONS = "DEBUG $(inherited)";
				SWIFT_OPTIMIZATION_LEVEL = "-Onone";
			};
			name = Debug;
		};
		E50C873D2F6F317500EEF1FD /* Release */ = {
			isa = XCBuildConfiguration;
			buildSettings = {
				ALWAYS_SEARCH_USER_PATHS = NO;
				ASSETCATALOG_COMPILER_GENERATE_SWIFT_ASSET_SYMBOL_EXTENSIONS = YES;
				CLANG_ANALYZER_NONNULL = YES;
				CLANG_ANALYZER_NUMBER_OBJECT_CONVERSION = YES_AGGRESSIVE;
				CLANG_CXX_LANGUAGE_STANDARD = "gnu++20";
				CLANG_ENABLE_MODULES = YES;
				CLANG_ENABLE_OBJC_ARC = YES;
				CLANG_ENABLE_OBJC_WEAK = YES;
				CLANG_WARN_BLOCK_CAPTURE_AUTORELEASING = YES;
				CLANG_WARN_BOOL_CONVERSION = YES;
				CLANG_WARN_COMMA = YES;
				CLANG_WARN_CONSTANT_CONVERSION = YES;
				CLANG_WARN_DEPRECATED_OBJC_IMPLEMENTATIONS = YES;
				CLANG_WARN_DIRECT_OBJC_ISA_USAGE = YES_ERROR;
				CLANG_WARN_DOCUMENTATION_COMMENTS = YES;
				CLANG_WARN_EMPTY_BODY = YES;
				CLANG_WARN_ENUM_CONVERSION = YES;
				CLANG_WARN_INFINITE_RECURSION = YES;
				CLANG_WARN_INT_CONVERSION = YES;
				CLANG_WARN_NON_LITERAL_NULL_CONVERSION = YES;
				CLANG_WARN_OBJC_IMPLICIT_RETAIN_SELF = YES;
				CLANG_WARN_OBJC_LITERAL_CONVERSION = YES;
				CLANG_WARN_OBJC_ROOT_CLASS = YES_ERROR;
				CLANG_WARN_QUOTED_INCLUDE_IN_FRAMEWORK_HEADER = YES;
				CLANG_WARN_RANGE_LOOP_ANALYSIS = YES;
				CLANG_WARN_STRICT_PROTOTYPES = YES;
				CLANG_WARN_SUSPICIOUS_MOVE = YES;
				CLANG_WARN_UNGUARDED_AVAILABILITY = YES_AGGRESSIVE;
				CLANG_WARN_UNREACHABLE_CODE = YES;
				CLANG_WARN__DUPLICATE_METHOD_MATCH = YES;
				COPY_PHASE_STRIP = NO;
				DEBUG_INFORMATION_FORMAT = "dwarf-with-dsym";
				DEVELOPMENT_TEAM = 847R6X96S2;
				ENABLE_NS_ASSERTIONS = NO;
				ENABLE_STRICT_OBJC_MSGSEND = YES;
				ENABLE_USER_SCRIPT_SANDBOXING = YES;
				GCC_C_LANGUAGE_STANDARD = gnu17;
				GCC_NO_COMMON_BLOCKS = YES;
				GCC_WARN_64_TO_32_BIT_CONVERSION = YES;
				GCC_WARN_ABOUT_RETURN_TYPE = YES_ERROR;
				GCC_WARN_UNDECLARED_SELECTOR = YES;
				GCC_WARN_UNINITIALIZED_AUTOS = YES_AGGRESSIVE;
				GCC_WARN_UNUSED_FUNCTION = YES;
				GCC_WARN_UNUSED_VARIABLE = YES;
				LOCALIZATION_PREFERS_STRING_CATALOGS = YES;
				MACOSX_DEPLOYMENT_TARGET = 26.2;
				MTL_ENABLE_DEBUG_INFO = NO;
				MTL_FAST_MATH = YES;
				SDKROOT = macosx;
				SWIFT_COMPILATION_MODE = wholemodule;
			};
			name = Release;
		};
		E50C873F2F6F317500EEF1FD /* Debug */ = {
			isa = XCBuildConfiguration;
			buildSettings = {
				ASSETCATALOG_COMPILER_APPICON_NAME = AppIcon;
				ASSETCATALOG_COMPILER_GLOBAL_ACCENT_COLOR_NAME = AccentColor;
				CODE_SIGN_STYLE = Automatic;
				COMBINE_HIDPI_IMAGES = YES;
				CURRENT_PROJECT_VERSION = 2;
				DEVELOPMENT_TEAM = 847R6X96S2;
				ENABLE_APP_SANDBOX = YES;
				ENABLE_HARDENED_RUNTIME = YES;
				ENABLE_INCOMING_NETWORK_CONNECTIONS = NO;
				ENABLE_OUTGOING_NETWORK_CONNECTIONS = YES;
				ENABLE_PREVIEWS = YES;
				ENABLE_RESOURCE_ACCESS_AUDIO_INPUT = YES;
				ENABLE_RESOURCE_ACCESS_BLUETOOTH = NO;
				ENABLE_RESOURCE_ACCESS_CALENDARS = YES;
				ENABLE_RESOURCE_ACCESS_CAMERA = NO;
				ENABLE_RESOURCE_ACCESS_CONTACTS = NO;
				ENABLE_RESOURCE_ACCESS_LOCATION = NO;
				ENABLE_RESOURCE_ACCESS_PRINTING = NO;
				ENABLE_RESOURCE_ACCESS_SPEECH_RECOGNITION = YES;
				ENABLE_RESOURCE_ACCESS_USB = NO;
				ENABLE_USER_SELECTED_FILES = readwrite;
				GENERATE_INFOPLIST_FILE = YES;
				INFOPLIST_KEY_JottUpdateChannel = direct;
				INFOPLIST_KEY_LSApplicationCategoryType = "public.app-category.productivity";
				INFOPLIST_KEY_LSUIElement = YES;
				INFOPLIST_KEY_NSAccessibilityUsageDescription = "Jott needs Accessibility access to listen for the global hotkey from any app.";
				INFOPLIST_KEY_NSCalendarsFullAccessUsageDescription = "Jott reads your calendar to show and import upcoming events as meetings.";
				INFOPLIST_KEY_NSCalendarsUsageDescription = "Jott reads and writes calendar events to help schedule meetings.";
				INFOPLIST_KEY_NSCalendarsWriteOnlyAccessUsageDescription = "Jott can create calendar events on your behalf.";
				INFOPLIST_KEY_NSHumanReadableCopyright = "";
				INFOPLIST_KEY_NSMicrophoneUsageDescription = "Jott uses the microphone to transcribe voice notes.";
				INFOPLIST_KEY_NSRemindersFullAccessUsageDescription = "Jott creates reminders and reads reminder lists to keep your tasks in sync.";
				INFOPLIST_KEY_NSRemindersUsageDescription = "Jott creates reminders to capture your tasks.";
				INFOPLIST_KEY_NSSpeechRecognitionUsageDescription = "Jott uses speech recognition to convert your voice to text.";
				INFOPLIST_KEY_SUFeedURL = "https://example.com/jott/appcast.xml";
				INFOPLIST_KEY_SentryDSN = "";
				LD_RUNPATH_SEARCH_PATHS = (
					"$(inherited)",
					"@executable_path/../Frameworks",
				);
				MARKETING_VERSION = 1.0.1;
				PRODUCT_BUNDLE_IDENTIFIER = com.casualhermit.jott;
				PRODUCT_NAME = "$(TARGET_NAME)";
				REGISTER_APP_GROUPS = YES;
				STRING_CATALOG_GENERATE_SYMBOLS = YES;
				SWIFT_APPROACHABLE_CONCURRENCY = YES;
				SWIFT_DEFAULT_ACTOR_ISOLATION = MainActor;
				SWIFT_EMIT_LOC_STRINGS = YES;
				SWIFT_UPCOMING_FEATURE_MEMBER_IMPORT_VISIBILITY = YES;
				SWIFT_VERSION = 5.0;
			};
			name = Debug;
		};
		E50C87402F6F317500EEF1FD /* Release */ = {
			isa = XCBuildConfiguration;
			buildSettings = {
				ASSETCATALOG_COMPILER_APPICON_NAME = AppIcon;
				ASSETCATALOG_COMPILER_GLOBAL_ACCENT_COLOR_NAME = AccentColor;
				CODE_SIGN_STYLE = Automatic;
				COMBINE_HIDPI_IMAGES = YES;
				CURRENT_PROJECT_VERSION = 2;
				DEVELOPMENT_TEAM = 847R6X96S2;
				ENABLE_APP_SANDBOX = YES;
				ENABLE_HARDENED_RUNTIME = YES;
				ENABLE_INCOMING_NETWORK_CONNECTIONS = NO;
				ENABLE_OUTGOING_NETWORK_CONNECTIONS = YES;
				ENABLE_PREVIEWS = YES;
				ENABLE_RESOURCE_ACCESS_AUDIO_INPUT = YES;
				ENABLE_RESOURCE_ACCESS_BLUETOOTH = NO;
				ENABLE_RESOURCE_ACCESS_CALENDARS = YES;
				ENABLE_RESOURCE_ACCESS_CAMERA = NO;
				ENABLE_RESOURCE_ACCESS_CONTACTS = NO;
				ENABLE_RESOURCE_ACCESS_LOCATION = NO;
				ENABLE_RESOURCE_ACCESS_PRINTING = NO;
				ENABLE_RESOURCE_ACCESS_SPEECH_RECOGNITION = YES;
				ENABLE_RESOURCE_ACCESS_USB = NO;
				ENABLE_USER_SELECTED_FILES = readwrite;
				GENERATE_INFOPLIST_FILE = YES;
				INFOPLIST_KEY_JottUpdateChannel = direct;
				INFOPLIST_KEY_LSApplicationCategoryType = "public.app-category.productivity";
				INFOPLIST_KEY_LSUIElement = YES;
				INFOPLIST_KEY_NSAccessibilityUsageDescription = "Jott needs Accessibility access to listen for the global hotkey from any app.";
				INFOPLIST_KEY_NSCalendarsFullAccessUsageDescription = "Jott reads your calendar to show and import upcoming events as meetings.";
				INFOPLIST_KEY_NSCalendarsUsageDescription = "Jott reads and writes calendar events to help schedule meetings.";
				INFOPLIST_KEY_NSCalendarsWriteOnlyAccessUsageDescription = "Jott can create calendar events on your behalf.";
				INFOPLIST_KEY_NSHumanReadableCopyright = "";
				INFOPLIST_KEY_NSMicrophoneUsageDescription = "Jott uses the microphone to transcribe voice notes.";
				INFOPLIST_KEY_NSRemindersFullAccessUsageDescription = "Jott creates reminders and reads reminder lists to keep your tasks in sync.";
				INFOPLIST_KEY_NSRemindersUsageDescription = "Jott creates reminders to capture your tasks.";
				INFOPLIST_KEY_NSSpeechRecognitionUsageDescription = "Jott uses speech recognition to convert your voice to text.";
				INFOPLIST_KEY_SUFeedURL = "https://example.com/jott/appcast.xml";
				INFOPLIST_KEY_SentryDSN = "";
				LD_RUNPATH_SEARCH_PATHS = (
					"$(inherited)",
					"@executable_path/../Frameworks",
				);
				MARKETING_VERSION = 1.0.1;
				PRODUCT_BUNDLE_IDENTIFIER = com.casualhermit.jott;
				PRODUCT_NAME = "$(TARGET_NAME)";
				REGISTER_APP_GROUPS = YES;
				STRING_CATALOG_GENERATE_SYMBOLS = YES;
				SWIFT_APPROACHABLE_CONCURRENCY = YES;
				SWIFT_DEFAULT_ACTOR_ISOLATION = MainActor;
				SWIFT_EMIT_LOC_STRINGS = YES;
				SWIFT_UPCOMING_FEATURE_MEMBER_IMPORT_VISIBILITY = YES;
				SWIFT_VERSION = 5.0;
			};
			name = Release;
		};
		F0A1B2C3D4E5F60718290008 /* Debug */ = {
			isa = XCBuildConfiguration;
			buildSettings = {
				BUNDLE_LOADER = "$(TEST_HOST)";
				CODE_SIGN_STYLE = Automatic;
				CURRENT_PROJECT_VERSION = 1;
				GENERATE_INFOPLIST_FILE = YES;
				MACOSX_DEPLOYMENT_TARGET = 26.2;
				PRODUCT_BUNDLE_IDENTIFIER = com.casualhermit.jottTests;
				PRODUCT_NAME = "$(TARGET_NAME)";
				SWIFT_ACTIVE_COMPILATION_CONDITIONS = DEBUG;
				SWIFT_EMIT_LOC_STRINGS = NO;
				SWIFT_VERSION = 5.0;
				TEST_HOST = "$(BUILT_PRODUCTS_DIR)/jott.app/$(BUNDLE_EXECUTABLE_FOLDER_PATH)/jott";
			};
			name = Debug;
		};
		F0A1B2C3D4E5F60718290009 /* Release */ = {
			isa = XCBuildConfiguration;
			buildSettings = {
				BUNDLE_LOADER = "$(TEST_HOST)";
				CODE_SIGN_STYLE = Automatic;
				CURRENT_PROJECT_VERSION = 1;
				GENERATE_INFOPLIST_FILE = YES;
				MACOSX_DEPLOYMENT_TARGET = 26.2;
				PRODUCT_BUNDLE_IDENTIFIER = com.casualhermit.jottTests;
				PRODUCT_NAME = "$(TARGET_NAME)";
				SWIFT_EMIT_LOC_STRINGS = NO;
				SWIFT_VERSION = 5.0;
				TEST_HOST = "$(BUILT_PRODUCTS_DIR)/jott.app/$(BUNDLE_EXECUTABLE_FOLDER_PATH)/jott";
			};
			name = Release;
		};
/* End XCBuildConfiguration section */

/* Begin XCConfigurationList section */
		E50C872E2F6F317400EEF1FD /* Build configuration list for PBXProject "jott" */ = {
			isa = XCConfigurationList;
			buildConfigurations = (
				E50C873C2F6F317500EEF1FD /* Debug */,
				E50C873D2F6F317500EEF1FD /* Release */,
			);
			defaultConfigurationIsVisible = 0;
			defaultConfigurationName = Release;
		};
		E50C873E2F6F317500EEF1FD /* Build configuration list for PBXNativeTarget "jott" */ = {
			isa = XCConfigurationList;
			buildConfigurations = (
				E50C873F2F6F317500EEF1FD /* Debug */,
				E50C87402F6F317500EEF1FD /* Release */,
			);
			defaultConfigurationIsVisible = 0;
			defaultConfigurationName = Release;
		};
		F0A1B2C3D4E5F60718290007 /* Build configuration list for PBXNativeTarget "jottTests" */ = {
			isa = XCConfigurationList;
			buildConfigurations = (
				F0A1B2C3D4E5F60718290008 /* Debug */,
				F0A1B2C3D4E5F60718290009 /* Release */,
			);
			defaultConfigurationIsVisible = 0;
			defaultConfigurationName = Release;
		};
/* End XCConfigurationList section */

/* Begin XCRemoteSwiftPackageReference section */
		A1B2C3D4E5F60718293A0005 /* XCRemoteSwiftPackageReference "sentry-cocoa" */ = {
			isa = XCRemoteSwiftPackageReference;
			repositoryURL = "https://github.com/getsentry/sentry-cocoa";
			requirement = {
				kind = upToNextMajorVersion;
				minimumVersion = 8.57.0;
			};
		};
		A1B2C3D4E5F60718293A0006 /* XCRemoteSwiftPackageReference "Sparkle" */ = {
			isa = XCRemoteSwiftPackageReference;
			repositoryURL = "https://github.com/sparkle-project/Sparkle";
			requirement = {
				kind = upToNextMajorVersion;
				minimumVersion = 2.6.4;
			};
		};
/* End XCRemoteSwiftPackageReference section */

/* Begin XCSwiftPackageProductDependency section */
		A1B2C3D4E5F60718293A0003 /* Sentry */ = {
			isa = XCSwiftPackageProductDependency;
			package = A1B2C3D4E5F60718293A0005 /* XCRemoteSwiftPackageReference "sentry-cocoa" */;
			productName = Sentry;
		};
		A1B2C3D4E5F60718293A0004 /* Sparkle */ = {
			isa = XCSwiftPackageProductDependency;
			package = A1B2C3D4E5F60718293A0006 /* XCRemoteSwiftPackageReference "Sparkle" */;
			productName = Sparkle;
		};
/* End XCSwiftPackageProductDependency section */
	};
	rootObject = E50C872B2F6F317400EEF1FD /* Project object */;
}
